
Microsoft Visual Studio Solution File, Format Version 12.00
# Visual Studio 2013
VisualStudioVersion = 12.0.30110.0
MinimumVisualStudioVersion = 10.0.40219.1
Project("{FAE04EC0-301F-11D3-BF4B-00C04F79EFBC}") = "EmotiveExceptions", "EmotiveExceptions\EmotiveExceptions.csproj", "{88514C95-7D8F-4E59-AC6B-18B5F974C4A0}"
EndProject
Project("{FAE04EC0-301F-11D3-BF4B-00C04F79EFBC}") = "EmotiveExceptions.Test", "EmotiveExceptions.Test\EmotiveExceptions.Test.csproj", "{E42060BC-6F83-4DE6-BEAA-B7F90A1D4087}"
EndProject
Project("{2150E333-8FDC-42A3-9474-1A3956D46DE8}") = "Solution Items", "Solution Items", "{A287D58E-6D49-4551-87A3-8D604A1B62F0}"
	ProjectSection(SolutionItems) = preProject
		.gitattributes = .gitattributes
		.gitignore = .gitignore
		Example.png = Example.png
		LICENSE = LICENSE
		README.md = README.md
	EndProjectSection
EndProject
Global
	GlobalSection(SolutionConfigurationPlatforms) = preSolution
		Debug|Any CPU = Debug|Any CPU
		Release|Any CPU = Release|Any CPU
	EndGlobalSection
	GlobalSection(ProjectConfigurationPlatforms) = postSolution
		{88514C95-7D8F-4E59-AC6B-18B5F974C4A0}.Debug|Any CPU.ActiveCfg = Debug|Any CPU
		{88514C95-7D8F-4E59-AC6B-18B5F974C4A0}.Debug|Any CPU.Build.0 = Debug|Any CPU
		{88514C95-7D8F-4E59-AC6B-18B5F974C4A0}.Release|Any CPU.ActiveCfg = Release|Any CPU
		{88514C95-7D8F-4E59-AC6B-18B5F974C4A0}.Release|Any CPU.Build.0 = Release|Any CPU
		{E42060BC-6F83-4DE6-BEAA-B7F90A1D4087}.Debug|Any CPU.ActiveCfg = Debug|Any CPU
		{E42060BC-6F83-4DE6-BEAA-B7F90A1D4087}.Debug|Any CPU.Build.0 = Debug|Any CPU
		{E42060BC-6F83-4DE6-BEAA-B7F90A1D4087}.Release|Any CPU.ActiveCfg = Release|Any CPU
		{E42060BC-6F83-4DE6-BEAA-B7F90A1D4087}.Release|Any CPU.Build.0 = Release|Any CPU
	EndGlobalSection
	GlobalSection(SolutionProperties) = preSolution
		HideSolutionNode = FALSE
	EndGlobalSection
EndGlobal
